
Microsoft Visual Studio Solution File, Format Version 12.00
# Visual Studio Version 17
VisualStudioVersion = 17.9.34723.18
MinimumVisualStudioVersion = 10.0.40219.1
Project("{FAE04EC0-301F-11D3-BF4B-00C04F79EFBC}") = "BlackJackAPI", "BlackJackAPI\BlackJackAPI.csproj", "{48FF3AA2-EA2D-4BD6-82E0-B01E4218DE09}"
EndProject
Global
	GlobalSection(SolutionConfigurationPlatforms) = preSolution
		Debug|Any CPU = Debug|Any CPU
		Release|Any CPU = Release|Any CPU
	EndGlobalSection
	GlobalSection(ProjectConfigurationPlatforms) = postSolution
		{48FF3AA2-EA2D-4BD6-82E0-B01E4218DE09}.Debug|Any CPU.ActiveCfg = Debug|Any CPU
		{48FF3AA2-EA2D-4BD6-82E0-B01E4218DE09}.Debug|Any CPU.Build.0 = Debug|Any CPU
		{48FF3AA2-EA2D-4BD6-82E0-B01E4218DE09}.Release|Any CPU.ActiveCfg = Release|Any CPU
		{48FF3AA2-EA2D-4BD6-82E0-B01E4218DE09}.Release|Any CPU.Build.0 = Release|Any CPU
	EndGlobalSection
	GlobalSection(SolutionProperties) = preSolution
		HideSolutionNode = FALSE
	EndGlobalSection
	GlobalSection(ExtensibilityGlobals) = postSolution
		SolutionGuid = {6F60502D-52C6-481D-A21D-CA529D33ADB3}
	EndGlobalSection
EndGlobal
